// !$*UTF8*$!
{
	archiveVersion = 1;
	classes = {
	};
	objectVersion = 50;
	objects = {

/* Begin PBXBuildFile section */
		DFD79BB7268D64B50000911F /* AppDelegate.swift in Sources */ = {isa = PBXBuildFile; fileRef = DFD79BB6268D64B50000911F /* AppDelegate.swift */; };
		DFD79BB9268D64B50000911F /* SceneDelegate.swift in Sources */ = {isa = PBXBuildFile; fileRef = DFD79BB8268D64B50000911F /* SceneDelegate.swift */; };
		DFD79BBB268D64B50000911F /* ViewController.swift in Sources */ = {isa = PBXBuildFile; fileRef = DFD79BBA268D64B50000911F /* ViewController.swift */; };
		DFD79BBE268D64B50000911F /* Main.storyboard in Resources */ = {isa = PBXBuildFile; fileRef = DFD79BBC268D64B50000911F /* Main.storyboard */; };
		DFD79BC1268D64B50000911F /* FinalProject.xcdatamodeld in Sources */ = {isa = PBXBuildFile; fileRef = DFD79BBF268D64B50000911F /* FinalProject.xcdatamodeld */; };
		DFD79BC3268D64B80000911F /* Assets.xcassets in Resources */ = {isa = PBXBuildFile; fileRef = DFD79BC2268D64B80000911F /* Assets.xcassets */; };
		DFD79BC6268D64B80000911F /* LaunchScreen.storyboard in Resources */ = {isa = PBXBuildFile; fileRef = DFD79BC4268D64B80000911F /* LaunchScreen.storyboard */; };
		DFD79BD1268D64B90000911F /* FinalProjectTests.swift in Sources */ = {isa = PBXBuildFile; fileRef = DFD79BD0268D64B90000911F /* FinalProjectTests.swift */; };
		DFD79BDC268D64B90000911F /* FinalProjectUITests.swift in Sources */ = {isa = PBXBuildFile; fileRef = DFD79BDB268D64B90000911F /* FinalProjectUITests.swift */; };
/* End PBXBuildFile section */

/* Begin PBXContainerItemProxy section */
		DFD79BCD268D64B90000911F /* PBXContainerItemProxy */ = {
			isa = PBXContainerItemProxy;
			containerPortal = DFD79BAB268D64B50000911F /* Project object */;
			proxyType = 1;
			remoteGlobalIDString = DFD79BB2268D64B50000911F;
			remoteInfo = FinalProject;
		};
		DFD79BD8268D64B90000911F /* PBXContainerItemProxy */ = {
			isa = PBXContainerItemProxy;
			containerPortal = DFD79BAB268D64B50000911F /* Project object */;
			proxyType = 1;
			remoteGlobalIDString = DFD79BB2268D64B50000911F;
			remoteInfo = FinalProject;
		};
/* End PBXContainerItemProxy section */

/* Begin PBXFileReference section */
		DFD79BB3268D64B50000911F /* FinalProject.app */ = {isa = PBXFileReference; explicitFileType = wrapper.application; includeInIndex = 0; path = FinalProject.app; sourceTree = BUILT_PRODUCTS_DIR; };
		DFD79BB6268D64B50000911F /* AppDelegate.swift */ = {isa = PBXFileReference; lastKnownFileType = sourcecode.swift; path = AppDelegate.swift; sourceTree = "<group>"; };
		DFD79BB8268D64B50000911F /* SceneDelegate.swift */ = {isa = PBXFileReference; lastKnownFileType = sourcecode.swift; path = SceneDelegate.swift; sourceTree = "<group>"; };
		DFD79BBA268D64B50000911F /* ViewController.swift */ = {isa = PBXFileReference; lastKnownFileType = sourcecode.swift; path = ViewController.swift; sourceTree = "<group>"; };
		DFD79BBD268D64B50000911F /* Base */ = {isa = PBXFileReference; lastKnownFileType = file.storyboard; name = Base; path = Base.lproj/Main.storyboard; sourceTree = "<group>"; };
		DFD79BC0268D64B50000911F /* FinalProject.xcdatamodel */ = {isa = PBXFileReference; lastKnownFileType = wrapper.xcdatamodel; path = FinalProject.xcdatamodel; sourceTree = "<group>"; };
		DFD79BC2268D64B80000911F /* Assets.xcassets */ = {isa = PBXFileReference; lastKnownFileType = folder.assetcatalog; path = Assets.xcassets; sourceTree = "<group>"; };
		DFD79BC5268D64B80000911F /* Base */ = {isa = PBXFileReference; lastKnownFileType = file.storyboard; name = Base; path = Base.lproj/LaunchScreen.storyboard; sourceTree = "<group>"; };
		DFD79BC7268D64B90000911F /* Info.plist */ = {isa = PBXFileReference; lastKnownFileType = text.plist.xml; path = Info.plist; sourceTree = "<group>"; };
		DFD79BCC268D64B90000911F /* FinalProjectTests.xctest */ = {isa = PBXFileReference; explicitFileType = wrapper.cfbundle; includeInIndex = 0; path = FinalProjectTests.xctest; sourceTree = BUILT_PRODUCTS_DIR; };
		DFD79BD0268D64B90000911F /* FinalProjectTests.swift */ = {isa = PBXFileReference; lastKnownFileType = sourcecode.swift; path = FinalProjectTests.swift; sourceTree = "<group>"; };
		DFD79BD2268D64B90000911F /* Info.plist */ = {isa = PBXFileReference; lastKnownFileType = text.plist.xml; path = Info.plist; sourceTree = "<group>"; };
		DFD79BD7268D64B90000911F /* FinalProjectUITests.xctest */ = {isa = PBXFileReference; explicitFileType = wrapper.cfbundle; includeInIndex = 0; path = FinalProjectUITests.xctest; sourceTree = BUILT_PRODUCTS_DIR; };
		DFD79BDB268D64B90000911F /* FinalProjectUITests.swift */ = {isa = PBXFileReference; lastKnownFileType = sourcecode.swift; path = FinalProjectUITests.swift; sourceTree = "<group>"; };
		DFD79BDD268D64B90000911F /* Info.plist */ = {isa = PBXFileReference; lastKnownFileType = text.plist.xml; path = Info.plist; sourceTree = "<group>"; };
/* End PBXFileReference section */

/* Begin PBXFrameworksBuildPhase section */
		DFD79BB0268D64B50000911F /* Frameworks */ = {
			isa = PBXFrameworksBuildPhase;
			buildActionMask = 2147483647;
			files = (
			);
			runOnlyForDeploymentPostprocessing = 0;
		};
		DFD79BC9268D64B90000911F /* Frameworks */ = {
			isa = PBXFrameworksBuildPhase;
			buildActionMask = 2147483647;
			files = (
			);
			runOnlyForDeploymentPostprocessing = 0;
		};
		DFD79BD4268D64B90000911F /* Frameworks */ = {
			isa = PBXFrameworksBuildPhase;
			buildActionMask = 2147483647;
			files = (
			);
			runOnlyForDeploymentPostprocessing = 0;
		};
/* End PBXFrameworksBuildPhase section */

/* Begin PBXGroup section */
		DFD79BAA268D64B50000911F = {
			isa = PBXGroup;
			children = (
				DFD79BB5268D64B50000911F /* FinalProject */,
				DFD79BCF268D64B90000911F /* FinalProjectTests */,
				DFD79BDA268D64B90000911F /* FinalProjectUITests */,
				DFD79BB4268D64B50000911F /* Products */,
			);
			sourceTree = "<group>";
		};
		DFD79BB4268D64B50000911F /* Products */ = {
			isa = PBXGroup;
			children = (
				DFD79BB3268D64B50000911F /* FinalProject.app */,
				DFD79BCC268D64B90000911F /* FinalProjectTests.xctest */,
				DFD79BD7268D64B90000911F /* FinalProjectUITests.xctest */,
			);
			name = Products;
			sourceTree = "<group>";
		};
		DFD79BB5268D64B50000911F /* FinalProject */ = {
			isa = PBXGroup;
			children = (
				DFD79BB6268D64B50000911F /* AppDelegate.swift */,
				DFD79BB8268D64B50000911F /* SceneDelegate.swift */,
				DFD79BBA268D64B50000911F /* ViewController.swift */,
				DFD79BBC268D64B50000911F /* Main.storyboard */,
				DFD79BC2268D64B80000911F /* Assets.xcassets */,
				DFD79BC4268D64B80000911F /* LaunchScreen.storyboard */,
				DFD79BC7268D64B90000911F /* Info.plist */,
				DFD79BBF268D64B50000911F /* FinalProject.xcdatamodeld */,
			);
			path = FinalProject;
			sourceTree = "<group>";
		};
		DFD79BCF268D64B90000911F /* FinalProjectTests */ = {
			isa = PBXGroup;
			children = (
				DFD79BD0268D64B90000911F /* FinalProjectTests.swift */,
				DFD79BD2268D64B90000911F /* Info.plist */,
			);
			path = FinalProjectTests;
			sourceTree = "<group>";
		};
		DFD79BDA268D64B90000911F /* FinalProjectUITests */ = {
			isa = PBXGroup;
			children = (
				DFD79BDB268D64B90000911F /* FinalProjectUITests.swift */,
				DFD79BDD268D64B90000911F /* Info.plist */,
			);
			path = FinalProjectUITests;
			sourceTree = "<group>";
		};
/* End PBXGroup section */

/* Begin PBXNativeTarget section */
		DFD79BB2268D64B50000911F /* FinalProject */ = {
			isa = PBXNativeTarget;
			buildConfigurationList = DFD79BE0268D64B90000911F /* Build configuration list for PBXNativeTarget "FinalProject" */;
			buildPhases = (
				DFD79BAF268D64B50000911F /* Sources */,
				DFD79BB0268D64B50000911F /* Frameworks */,
				DFD79BB1268D64B50000911F /* Resources */,
			);
			buildRules = (
			);
			dependencies = (
			);
			name = FinalProject;
			productName = FinalProject;
			productReference = DFD79BB3268D64B50000911F /* FinalProject.app */;
			productType = "com.apple.product-type.application";
		};
		DFD79BCB268D64B90000911F /* FinalProjectTests */ = {
			isa = PBXNativeTarget;
			buildConfigurationList = DFD79BE3268D64B90000911F /* Build configuration list for PBXNativeTarget "FinalProjectTests" */;
			buildPhases = (
				DFD79BC8268D64B90000911F /* Sources */,
				DFD79BC9268D64B90000911F /* Frameworks */,
				DFD79BCA268D64B90000911F /* Resources */,
			);
			buildRules = (
			);
			dependencies = (
				DFD79BCE268D64B90000911F /* PBXTargetDependency */,
			);
			name = FinalProjectTests;
			productName = FinalProjectTests;
			productReference = DFD79BCC268D64B90000911F /* FinalProjectTests.xctest */;
			productType = "com.apple.product-type.bundle.unit-test";
		};
		DFD79BD6268D64B90000911F /* FinalProjectUITests */ = {
			isa = PBXNativeTarget;
			buildConfigurationList = DFD79BE6268D64B90000911F /* Build configuration list for PBXNativeTarget "FinalProjectUITests" */;
			buildPhases = (
				DFD79BD3268D64B90000911F /* Sources */,
				DFD79BD4268D64B90000911F /* Frameworks */,
				DFD79BD5268D64B90000911F /* Resources */,
			);
			buildRules = (
			);
			dependencies = (
				DFD79BD9268D64B90000911F /* PBXTargetDependency */,
			);
			name = FinalProjectUITests;
			productName = FinalProjectUITests;
			productReference = DFD79BD7268D64B90000911F /* FinalProjectUITests.xctest */;
			productType = "com.apple.product-type.bundle.ui-testing";
		};
/* End PBXNativeTarget section */

/* Begin PBXProject section */
		DFD79BAB268D64B50000911F /* Project object */ = {
			isa = PBXProject;
			attributes = {
				LastSwiftUpdateCheck = 1250;
				LastUpgradeCheck = 1250;
				TargetAttributes = {
					DFD79BB2268D64B50000911F = {
						CreatedOnToolsVersion = 12.5;
					};
					DFD79BCB268D64B90000911F = {
						CreatedOnToolsVersion = 12.5;
						TestTargetID = DFD79BB2268D64B50000911F;
					};
					DFD79BD6268D64B90000911F = {
						CreatedOnToolsVersion = 12.5;
						TestTargetID = DFD79BB2268D64B50000911F;
					};
				};
			};
			buildConfigurationList = DFD79BAE268D64B50000911F /* Build configuration list for PBXProject "FinalProject" */;
			compatibilityVersion = "Xcode 9.3";
			developmentRegion = en;
			hasScannedForEncodings = 0;
			knownRegions = (
				en,
				Base,
			);
			mainGroup = DFD79BAA268D64B50000911F;
			productRefGroup = DFD79BB4268D64B50000911F /* Products */;
			projectDirPath = "";
			projectRoot = "";
			targets = (
				DFD79BB2268D64B50000911F /* FinalProject */,
				DFD79BCB268D64B90000911F /* FinalProjectTests */,
				DFD79BD6268D64B90000911F /* FinalProjectUITests */,
			);
		};
/* End PBXProject section */

/* Begin PBXResourcesBuildPhase section */
		DFD79BB1268D64B50000911F /* Resources */ = {
			isa = PBXResourcesBuildPhase;
			buildActionMask = 2147483647;
			files = (
				DFD79BC6268D64B80000911F /* LaunchScreen.storyboard in Resources */,
				DFD79BC3268D64B80000911F /* Assets.xcassets in Resources */,
				DFD79BBE268D64B50000911F /* Main.storyboard in Resources */,
			);
			runOnlyForDeploymentPostprocessing = 0;
		};
		DFD79BCA268D64B90000911F /* Resources */ = {
			isa = PBXResourcesBuildPhase;
			buildActionMask = 2147483647;
			files = (
			);
			runOnlyForDeploymentPostprocessing = 0;
		};
		DFD79BD5268D64B90000911F /* Resources */ = {
			isa = PBXResourcesBuildPhase;
			buildActionMask = 2147483647;
			files = (
			);
			runOnlyForDeploymentPostprocessing = 0;
		};
/* End PBXResourcesBuildPhase section */

/* Begin PBXSourcesBuildPhase section */
		DFD79BAF268D64B50000911F /* Sources */ = {
			isa = PBXSourcesBuildPhase;
			buildActionMask = 2147483647;
			files = (
				DFD79BBB268D64B50000911F /* ViewController.swift in Sources */,
				DFD79BB7268D64B50000911F /* AppDelegate.swift in Sources */,
				DFD79BC1268D64B50000911F /* FinalProject.xcdatamodeld in Sources */,
				DFD79BB9268D64B50000911F /* SceneDelegate.swift in Sources */,
			);
			runOnlyForDeploymentPostprocessing = 0;
		};
		DFD79BC8268D64B90000911F /* Sources */ = {
			isa = PBXSourcesBuildPhase;
			buildActionMask = 2147483647;
			files = (
				DFD79BD1268D64B90000911F /* FinalProjectTests.swift in Sources */,
			);
			runOnlyForDeploymentPostprocessing = 0;
		};
		DFD79BD3268D64B90000911F /* Sources */ = {
			isa = PBXSourcesBuildPhase;
			buildActionMask = 2147483647;
			files = (
				DFD79BDC268D64B90000911F /* FinalProjectUITests.swift in Sources */,
			);
			runOnlyForDeploymentPostprocessing = 0;
		};
/* End PBXSourcesBuildPhase section */

/* Begin PBXTargetDependency section */
		DFD79BCE268D64B90000911F /* PBXTargetDependency */ = {
			isa = PBXTargetDependency;
			target = DFD79BB2268D64B50000911F /* FinalProject */;
			targetProxy = DFD79BCD268D64B90000911F /* PBXContainerItemProxy */;
		};
		DFD79BD9268D64B90000911F /* PBXTargetDependency */ = {
			isa = PBXTargetDependency;
			target = DFD79BB2268D64B50000911F /* FinalProject */;
			targetProxy = DFD79BD8268D64B90000911F /* PBXContainerItemProxy */;
		};
/* End PBXTargetDependency section */

/* Begin PBXVariantGroup section */
		DFD79BBC268D64B50000911F /* Main.storyboard */ = {
			isa = PBXVariantGroup;
			children = (
				DFD79BBD268D64B50000911F /* Base */,
			);
			name = Main.storyboard;
			sourceTree = "<group>";
		};
		DFD79BC4268D64B80000911F /* LaunchScreen.storyboard */ = {
			isa = PBXVariantGroup;
			children = (
				DFD79BC5268D64B80000911F /* Base */,
			);
			name = LaunchScreen.storyboard;
			sourceTree = "<group>";
		};
/* End PBXVariantGroup section */

/* Begin XCBuildConfiguration section */
		DFD79BDE268D64B90000911F /* Debug */ = {
			isa = XCBuildConfiguration;
			buildSettings = {
				ALWAYS_SEARCH_USER_PATHS = NO;
				CLANG_ANALYZER_NONNULL = YES;
				CLANG_ANALYZER_NUMBER_OBJECT_CONVERSION = YES_AGGRESSIVE;
				CLANG_CXX_LANGUAGE_STANDARD = "gnu++14";
				CLANG_CXX_LIBRARY = "libc++";
				CLANG_ENABLE_MODULES = YES;
				CLANG_ENABLE_OBJC_ARC = YES;
				CLANG_ENABLE_OBJC_WEAK = YES;
				CLANG_WARN_BLOCK_CAPTURE_AUTORELEASING = YES;
				CLANG_WARN_BOOL_CONVERSION = YES;
				CLANG_WARN_COMMA = YES;
				CLANG_WARN_CONSTANT_CONVERSION = YES;
				CLANG_WARN_DEPRECATED_OBJC_IMPLEMENTATIONS = YES;
				CLANG_WARN_DIRECT_OBJC_ISA_USAGE = YES_ERROR;
				CLANG_WARN_DOCUMENTATION_COMMENTS = YES;
				CLANG_WARN_EMPTY_BODY = YES;
				CLANG_WARN_ENUM_CONVERSION = YES;
				CLANG_WARN_INFINITE_RECURSION = YES;
				CLANG_WARN_INT_CONVERSION = YES;
				CLANG_WARN_NON_LITERAL_NULL_CONVERSION = YES;
				CLANG_WARN_OBJC_IMPLICIT_RETAIN_SELF = YES;
				CLANG_WARN_OBJC_LITERAL_CONVERSION = YES;
				CLANG_WARN_OBJC_ROOT_CLASS = YES_ERROR;
				CLANG_WARN_QUOTED_INCLUDE_IN_FRAMEWORK_HEADER = YES;
				CLANG_WARN_RANGE_LOOP_ANALYSIS = YES;
				CLANG_WARN_STRICT_PROTOTYPES = YES;
				CLANG_WARN_SUSPICIOUS_MOVE = YES;
				CLANG_WARN_UNGUARDED_AVAILABILITY = YES_AGGRESSIVE;
				CLANG_WARN_UNREACHABLE_CODE = YES;
				CLANG_WARN__DUPLICATE_METHOD_MATCH = YES;
				COPY_PHASE_STRIP = NO;
				DEBUG_INFORMATION_FORMAT = dwarf;
				ENABLE_STRICT_OBJC_MSGSEND = YES;
				ENABLE_TESTABILITY = YES;
				GCC_C_LANGUAGE_STANDARD = gnu11;
				GCC_DYNAMIC_NO_PIC = NO;
				GCC_NO_COMMON_BLOCKS = YES;
				GCC_OPTIMIZATION_LEVEL = 0;
				GCC_PREPROCESSOR_DEFINITIONS = (
					"DEBUG=1",
					"$(inherited)",
				);
				GCC_WARN_64_TO_32_BIT_CONVERSION = YES;
				GCC_WARN_ABOUT_RETURN_TYPE = YES_ERROR;
				GCC_WARN_UNDECLARED_SELECTOR = YES;
				GCC_WARN_UNINITIALIZED_AUTOS = YES_AGGRESSIVE;
				GCC_WARN_UNUSED_FUNCTION = YES;
				GCC_WARN_UNUSED_VARIABLE = YES;
				IPHONEOS_DEPLOYMENT_TARGET = 14.5;
				MTL_ENABLE_DEBUG_INFO = INCLUDE_SOURCE;
				MTL_FAST_MATH = YES;
				ONLY_ACTIVE_ARCH = YES;
				SDKROOT = iphoneos;
				SWIFT_ACTIVE_COMPILATION_CONDITIONS = DEBUG;
				SWIFT_OPTIMIZATION_LEVEL = "-Onone";
			};
			name = Debug;
		};
		DFD79BDF268D64B90000911F /* Release */ = {
			isa = XCBuildConfiguration;
			buildSettings = {
				ALWAYS_SEARCH_USER_PATHS = NO;
				CLANG_ANALYZER_NONNULL = YES;
				CLANG_ANALYZER_NUMBER_OBJECT_CONVERSION = YES_AGGRESSIVE;
				CLANG_CXX_LANGUAGE_STANDARD = "gnu++14";
				CLANG_CXX_LIBRARY = "libc++";
				CLANG_ENABLE_MODULES = YES;
				CLANG_ENABLE_OBJC_ARC = YES;
				CLANG_ENABLE_OBJC_WEAK = YES;
				CLANG_WARN_BLOCK_CAPTURE_AUTORELEASING = YES;
				CLANG_WARN_BOOL_CONVERSION = YES;
				CLANG_WARN_COMMA = YES;
				CLANG_WARN_CONSTANT_CONVERSION = YES;
				CLANG_WARN_DEPRECATED_OBJC_IMPLEMENTATIONS = YES;
				CLANG_WARN_DIRECT_OBJC_ISA_USAGE = YES_ERROR;
				CLANG_WARN_DOCUMENTATION_COMMENTS = YES;
				CLANG_WARN_EMPTY_BODY = YES;
				CLANG_WARN_ENUM_CONVERSION = YES;
				CLANG_WARN_INFINITE_RECURSION = YES;
				CLANG_WARN_INT_CONVERSION = YES;
				CLANG_WARN_NON_LITERAL_NULL_CONVERSION = YES;
				CLANG_WARN_OBJC_IMPLICIT_RETAIN_SELF = YES;
				CLANG_WARN_OBJC_LITERAL_CONVERSION = YES;
				CLANG_WARN_OBJC_ROOT_CLASS = YES_ERROR;
				CLANG_WARN_QUOTED_INCLUDE_IN_FRAMEWORK_HEADER = YES;
				CLANG_WARN_RANGE_LOOP_ANALYSIS = YES;
				CLANG_WARN_STRICT_PROTOTYPES = YES;
				CLANG_WARN_SUSPICIOUS_MOVE = YES;
				CLANG_WARN_UNGUARDED_AVAILABILITY = YES_AGGRESSIVE;
				CLANG_WARN_UNREACHABLE_CODE = YES;
				CLANG_WARN__DUPLICATE_METHOD_MATCH = YES;
				COPY_PHASE_STRIP = NO;
				DEBUG_INFORMATION_FORMAT = "dwarf-with-dsym";
				ENABLE_NS_ASSERTIONS = NO;
				ENABLE_STRICT_OBJC_MSGSEND = YES;
				GCC_C_LANGUAGE_STANDARD = gnu11;
				GCC_NO_COMMON_BLOCKS = YES;
				GCC_WARN_64_TO_32_BIT_CONVERSION = YES;
				GCC_WARN_ABOUT_RETURN_TYPE = YES_ERROR;
				GCC_WARN_UNDECLARED_SELECTOR = YES;
				GCC_WARN_UNINITIALIZED_AUTOS = YES_AGGRESSIVE;
				GCC_WARN_UNUSED_FUNCTION = YES;
				GCC_WARN_UNUSED_VARIABLE = YES;
				IPHONEOS_DEPLOYMENT_TARGET = 14.5;
				MTL_ENABLE_DEBUG_INFO = NO;
				MTL_FAST_MATH = YES;
				SDKROOT = iphoneos;
				SWIFT_COMPILATION_MODE = wholemodule;
				SWIFT_OPTIMIZATION_LEVEL = "-O";
				VALIDATE_PRODUCT = YES;
			};
			name = Release;
		};
		DFD79BE1268D64B90000911F /* Debug */ = {
			isa = XCBuildConfiguration;
			buildSettings = {
				ASSETCATALOG_COMPILER_APPICON_NAME = AppIcon;
				ASSETCATALOG_COMPILER_GLOBAL_ACCENT_COLOR_NAME = AccentColor;
				CODE_SIGN_STYLE = Automatic;
				INFOPLIST_FILE = FinalProject/Info.plist;
				LD_RUNPATH_SEARCH_PATHS = (
					"$(inherited)",
					"@executable_path/Frameworks",
				);
				PRODUCT_BUNDLE_IDENTIFIER = Cindy.FinalProject;
				PRODUCT_NAME = "$(TARGET_NAME)";
				SWIFT_VERSION = 5.0;
				TARGETED_DEVICE_FAMILY = "1,2";
			};
			name = Debug;
		};
		DFD79BE2268D64B90000911F /* Release */ = {
			isa = XCBuildConfiguration;
			buildSettings = {
				ASSETCATALOG_COMPILER_APPICON_NAME = AppIcon;
				ASSETCATALOG_COMPILER_GLOBAL_ACCENT_COLOR_NAME = AccentColor;
				CODE_SIGN_STYLE = Automatic;
				INFOPLIST_FILE = FinalProject/Info.plist;
				LD_RUNPATH_SEARCH_PATHS = (
					"$(inherited)",
					"@executable_path/Frameworks",
				);
				PRODUCT_BUNDLE_IDENTIFIER = Cindy.FinalProject;
				PRODUCT_NAME = "$(TARGET_NAME)";
				SWIFT_VERSION = 5.0;
				TARGETED_DEVICE_FAMILY = "1,2";
			};
			name = Release;
		};
		DFD79BE4268D64B90000911F /* Debug */ = {
			isa = XCBuildConfiguration;
			buildSettings = {
				ALWAYS_EMBED_SWIFT_STANDARD_LIBRARIES = YES;
				BUNDLE_LOADER = "$(TEST_HOST)";
				CODE_SIGN_STYLE = Automatic;
				INFOPLIST_FILE = FinalProjectTests/Info.plist;
				IPHONEOS_DEPLOYMENT_TARGET = 14.5;
				LD_RUNPATH_SEARCH_PATHS = (
					"$(inherited)",
					"@executable_path/Frameworks",
					"@loader_path/Frameworks",
				);
				PRODUCT_BUNDLE_IDENTIFIER = Cindy.FinalProjectTests;
				PRODUCT_NAME = "$(TARGET_NAME)";
				SWIFT_VERSION = 5.0;
				TARGETED_DEVICE_FAMILY = "1,2";
				TEST_HOST = "$(BUILT_PRODUCTS_DIR)/FinalProject.app/FinalProject";
			};
			name = Debug;
		};
		DFD79BE5268D64B90000911F /* Release */ = {
			isa = XCBuildConfiguration;
			buildSettings = {
				ALWAYS_EMBED_SWIFT_STANDARD_LIBRARIES = YES;
				BUNDLE_LOADER = "$(TEST_HOST)";
				CODE_SIGN_STYLE = Automatic;
				INFOPLIST_FILE = FinalProjectTests/Info.plist;
				IPHONEOS_DEPLOYMENT_TARGET = 14.5;
				LD_RUNPATH_SEARCH_PATHS = (
					"$(inherited)",
					"@executable_path/Frameworks",
					"@loader_path/Frameworks",
				);
				PRODUCT_BUNDLE_IDENTIFIER = Cindy.FinalProjectTests;
				PRODUCT_NAME = "$(TARGET_NAME)";
				SWIFT_VERSION = 5.0;
				TARGETED_DEVICE_FAMILY = "1,2";
				TEST_HOST = "$(BUILT_PRODUCTS_DIR)/FinalProject.app/FinalProject";
			};
			name = Release;
		};
		DFD79BE7268D64B90000911F /* Debug */ = {
			isa = XCBuildConfiguration;
			buildSettings = {
				ALWAYS_EMBED_SWIFT_STANDARD_LIBRARIES = YES;
				CODE_SIGN_STYLE = Automatic;
				INFOPLIST_FILE = FinalProjectUITests/Info.plist;
				LD_RUNPATH_SEARCH_PATHS = (
					"$(inherited)",
					"@executable_path/Frameworks",
					"@loader_path/Frameworks",
				);
				PRODUCT_BUNDLE_IDENTIFIER = Cindy.FinalProjectUITests;
				PRODUCT_NAME = "$(TARGET_NAME)";
				SWIFT_VERSION = 5.0;
				TARGETED_DEVICE_FAMILY = "1,2";
				TEST_TARGET_NAME = FinalProject;
			};
			name = Debug;
		};
		DFD79BE8268D64B90000911F /* Release */ = {
			isa = XCBuildConfiguration;
			buildSettings = {
				ALWAYS_EMBED_SWIFT_STANDARD_LIBRARIES = YES;
				CODE_SIGN_STYLE = Automatic;
				INFOPLIST_FILE = FinalProjectUITests/Info.plist;
				LD_RUNPATH_SEARCH_PATHS = (
					"$(inherited)",
					"@executable_path/Frameworks",
					"@loader_path/Frameworks",
				);
				PRODUCT_BUNDLE_IDENTIFIER = Cindy.FinalProjectUITests;
				PRODUCT_NAME = "$(TARGET_NAME)";
				SWIFT_VERSION = 5.0;
				TARGETED_DEVICE_FAMILY = "1,2";
				TEST_TARGET_NAME = FinalProject;
			};
			name = Release;
		};
/* End XCBuildConfiguration section */

/* Begin XCConfigurationList section */
		DFD79BAE268D64B50000911F /* Build configuration list for PBXProject "FinalProject" */ = {
			isa = XCConfigurationList;
			buildConfigurations = (
				DFD79BDE268D64B90000911F /* Debug */,
				DFD79BDF268D64B90000911F /* Release */,
			);
			defaultConfigurationIsVisible = 0;
			defaultConfigurationName = Release;
		};
		DFD79BE0268D64B90000911F /* Build configuration list for PBXNativeTarget "FinalProject" */ = {
			isa = XCConfigurationList;
			buildConfigurations = (
				DFD79BE1268D64B90000911F /* Debug */,
				DFD79BE2268D64B90000911F /* Release */,
			);
			defaultConfigurationIsVisible = 0;
			defaultConfigurationName = Release;
		};
		DFD79BE3268D64B90000911F /* Build configuration list for PBXNativeTarget "FinalProjectTests" */ = {
			isa = XCConfigurationList;
			buildConfigurations = (
				DFD79BE4268D64B90000911F /* Debug */,
				DFD79BE5268D64B90000911F /* Release */,
			);
			defaultConfigurationIsVisible = 0;
			defaultConfigurationName = Release;
		};
		DFD79BE6268D64B90000911F /* Build configuration list for PBXNativeTarget "FinalProjectUITests" */ = {
			isa = XCConfigurationList;
			buildConfigurations = (
				DFD79BE7268D64B90000911F /* Debug */,
				DFD79BE8268D64B90000911F /* Release */,
			);
			defaultConfigurationIsVisible = 0;
			defaultConfigurationName = Release;
		};
/* End XCConfigurationList section */

/* Begin XCVersionGroup section */
		DFD79BBF268D64B50000911F /* FinalProject.xcdatamodeld */ = {
			isa = XCVersionGroup;
			children = (
				DFD79BC0268D64B50000911F /* FinalProject.xcdatamodel */,
			);
			currentVersion = DFD79BC0268D64B50000911F /* FinalProject.xcdatamodel */;
			path = FinalProject.xcdatamodeld;
			sourceTree = "<group>";
			versionGroupType = wrapper.xcdatamodel;
		};
/* End XCVersionGroup section */
	};
	rootObject = DFD79BAB268D64B50000911F /* Project object */;
}
